{
  "name": "motif-design",
  "version": "0.1.0",
  "lockfileVersion": 3,
  "requires": true,
  "packages": {
    "": {
      "name": "motif-design",
      "version": "0.1.0",
      "license": "MIT",
      "dependencies": {
        "motif-design": "^0.1.0"
      },
      "bin": {
        "motif": "bin/install.js"
      },
      "engines": {
        "node": ">=22.0.0"
      }
    },
    "node_modules/motif-design": {
      "version": "0.1.0",
      "resolved": "https://registry.npmjs.org/motif-design/-/motif-design-0.1.0.tgz",
      "integrity": "sha512-gne9lNavUWoWD0ZpxesVBo9my8XFNSLhlgUfzXxmppygWdxRVwbEUBoMCT8Ol7LpbjuDUKAee3k5V9X6MP8zKg==",
      "license": "MIT",
      "bin": {
        "motif": "bin/install.js"
      },
      "engines": {
        "node": ">=22.0.0"
      }
    }
  }
}
